{
  "name": "@nlibs/hs",
  "version": "1.0.0",
  "lockfileVersion": 3,
  "requires": true,
  "packages": {
    "": {
      "name": "@nlibs/hs",
      "version": "1.0.0",
      "license": "MIT",
      "dependencies": {
        "uWebSockets.js": "github:uNetworking/uWebSockets.js#v20.52.0"
      }
    },
    "node_modules/uWebSockets.js": {
      "version": "20.49.0",
      "resolved": "git+ssh://git@github.com/uNetworking/uWebSockets.js.git#442087c0a01bf146acb7386910739ec81df06700",
      "license": "Apache-2.0"
    }
  }
}
